github.com/emersion/go-milter v0.0.0-20190311184326-c3095a41a6fe/go.mod h1:aEaq7U51ARlk+2UeXTtdrDYeYWAUn/QjEwWzs7lD8OU=
github.com/emersion/go-msgauth v0.4.0 h1:LM9vNyaecGbhWiwKCAnzql7sVfgL072/QL5ZsIaHSL8=
github.com/emersion/go-msgauth v0.4.0/go.mod h1:7r9HUSXL1dq+KK7Xqg0JlyBxNFGf5+JouRvSz4wBZCQ=
github.com/emersion/go-sasl v0.0.0-20190817083125-240c8404624e h1:ba7YsgX5OV8FjGi5ZWml8Jng6oBrJAb3ahqWMJ5Ce8Q=
github.com/emersion/go-sasl v0.0.0-20190817083125-240c8404624e/go.mod h1:G/dpzLu16WtQpBfQ/z3LYiYJn3ZhKSGWn83fyoyQe/k=
github.com/emersion/go-smtp v0.12.1 h1:1R8BDqrR2HhlGwgFYcOi+BVTvK1bMjAB65QcVpJ5sNA=
github.com/emersion/go-smtp v0.12.1/go.mod h1:SD9V/xa4ndMw77lR3Mf7htkp8RBNYuPh9UeuBs9tpUQ=
golang.org/x/crypto v0.0.0-20190411191339-88737f569e3a h1:Igim7XhdOpBnWPuYJ70XcNpq8q3BCACtVgNfoJxOV7g=
golang.org/x/crypto v0.0.0-20190411191339-88737f569e3a/go.mod h1:WFFai1msRO1wXaEeE5yQxYXgSfI8pQAWXbQop6sCtWE=
golang.org/x/sys v0.0.0-20190403152447-81d4e9dc473e/go.mod h1:h1NjWce9XRLGQEsW7wpKNCjG9DtNlClVuFLEZdDNbEs=
